
Microsoft Visual Studio Solution File, Format Version 12.00
# Visual Studio Version 17
VisualStudioVersion = 17.10.35013.160
MinimumVisualStudioVersion = 10.0.40219.1
Project("{FAE04EC0-301F-11D3-BF4B-00C04F79EFBC}") = "122 Соди Хомяков", "122 Соди Хомяков\122 Соди Хомяков.csproj", "{E67E717A-2A7E-4AE2-A683-6E1AEF1DE95E}"
EndProject
Global
	GlobalSection(SolutionConfigurationPlatforms) = preSolution
		Debug|Any CPU = Debug|Any CPU
		Release|Any CPU = Release|Any CPU
	EndGlobalSection
	GlobalSection(ProjectConfigurationPlatforms) = postSolution
		{E67E717A-2A7E-4AE2-A683-6E1AEF1DE95E}.Debug|Any CPU.ActiveCfg = Debug|Any CPU
		{E67E717A-2A7E-4AE2-A683-6E1AEF1DE95E}.Debug|Any CPU.Build.0 = Debug|Any CPU
		{E67E717A-2A7E-4AE2-A683-6E1AEF1DE95E}.Release|Any CPU.ActiveCfg = Release|Any CPU
		{E67E717A-2A7E-4AE2-A683-6E1AEF1DE95E}.Release|Any CPU.Build.0 = Release|Any CPU
	EndGlobalSection
	GlobalSection(SolutionProperties) = preSolution
		HideSolutionNode = FALSE
	EndGlobalSection
	GlobalSection(ExtensibilityGlobals) = postSolution
		SolutionGuid = {34E9184C-DBA4-4325-B00D-DF4627AFE064}
	EndGlobalSection
EndGlobal
